// !$*UTF8*$!
{
	archiveVersion = 1;
	classes = {
	};
	objectVersion = 46;
	objects = {

/* Begin PBXBuildFile section */
		1707FBF915771B9F0027B323 /* bg-header-wide.png in Resources */ = {isa = PBXBuildFile; fileRef = 1707FBDE15771B9F0027B323 /* bg-header-wide.png */; };
		1707FBFA15771B9F0027B323 /* bg-header.png in Resources */ = {isa = PBXBuildFile; fileRef = 1707FBDF15771B9F0027B323 /* bg-header.png */; };
		1707FBFB15771B9F0027B323 /* bg-main-tile.png in Resources */ = {isa = PBXBuildFile; fileRef = 1707FBE015771B9F0027B323 /* bg-main-tile.png */; };
		1707FBFC15771B9F0027B323 /* bg-main.png in Resources */ = {isa = PBXBuildFile; fileRef = 1707FBE115771B9F0027B323 /* bg-main.png */; };
		1707FC0215771B9F0027B323 /* Default.png in Resources */ = {isa = PBXBuildFile; fileRef = 1707FBE715771B9F0027B323 /* Default.png */; };
		1707FC0A15771B9F0027B323 /* keypad-clear-down.png in Resources */ = {isa = PBXBuildFile; fileRef = 1707FBEF15771B9F0027B323 /* keypad-clear-down.png */; };
		1707FC0B15771B9F0027B323 /* keypad-clear-up.png in Resources */ = {isa = PBXBuildFile; fileRef = 1707FBF015771B9F0027B323 /* keypad-clear-up.png */; };
		1707FC0C15771B9F0027B323 /* keypad-go-down.png in Resources */ = {isa = PBXBuildFile; fileRef = 1707FBF115771B9F0027B323 /* keypad-go-down.png */; };
		1707FC0D15771B9F0027B323 /* keypad-go-up.png in Resources */ = {isa = PBXBuildFile; fileRef = 1707FBF215771B9F0027B323 /* keypad-go-up.png */; };
		1707FC0E15771B9F0027B323 /* keypad-number-down.png in Resources */ = {isa = PBXBuildFile; fileRef = 1707FBF315771B9F0027B323 /* keypad-number-down.png */; };
		1707FC0F15771B9F0027B323 /* keypad-number-up.png in Resources */ = {isa = PBXBuildFile; fileRef = 1707FBF415771B9F0027B323 /* keypad-number-up.png */; };
		1707FC1015771B9F0027B323 /* keypad-textfield.png in Resources */ = {isa = PBXBuildFile; fileRef = 1707FBF515771B9F0027B323 /* keypad-textfield.png */; };
		1707FC1115771B9F0027B323 /* submit-btn.png in Resources */ = {isa = PBXBuildFile; fileRef = 1707FBF615771B9F0027B323 /* submit-btn.png */; };
		1707FC1215771B9F0027B323 /* tap-splash-btm.png in Resources */ = {isa = PBXBuildFile; fileRef = 1707FBF715771B9F0027B323 /* tap-splash-btm.png */; };
		1707FC1315771B9F0027B323 /* tap-splash-top.png in Resources */ = {isa = PBXBuildFile; fileRef = 1707FBF815771B9F0027B323 /* tap-splash-top.png */; };
		1707FC1715771E640027B323 /* StopListViewController.m in Sources */ = {isa = PBXBuildFile; fileRef = 1707FC1515771E640027B323 /* StopListViewController.m */; };
		1707FC2115771F8E0027B323 /* KeypadViewController.m in Sources */ = {isa = PBXBuildFile; fileRef = 1707FC1F15771F8E0027B323 /* KeypadViewController.m */; };
		1707FC2215771F8E0027B323 /* KeypadViewController.xib in Resources */ = {isa = PBXBuildFile; fileRef = 1707FC2015771F8E0027B323 /* KeypadViewController.xib */; };
		1707FC2615771FB10027B323 /* StopGroupViewController.m in Sources */ = {isa = PBXBuildFile; fileRef = 1707FC2415771FB10027B323 /* StopGroupViewController.m */; };
		1707FC2715771FB10027B323 /* StopGroupViewController.xib in Resources */ = {isa = PBXBuildFile; fileRef = 1707FC2515771FB10027B323 /* StopGroupViewController.xib */; };
		1707FC2B15771FE70027B323 /* TourSelectionViewController.m in Sources */ = {isa = PBXBuildFile; fileRef = 1707FC2915771FE70027B323 /* TourSelectionViewController.m */; };
		1707FC35157720520027B323 /* ImageGalleryViewController.m in Sources */ = {isa = PBXBuildFile; fileRef = 1707FC33157720520027B323 /* ImageGalleryViewController.m */; };
		1707FC40157728C80027B323 /* AudioToolbox.framework in Frameworks */ = {isa = PBXBuildFile; fileRef = 1707FC3E157728C80027B323 /* AudioToolbox.framework */; };
		1707FC41157728C80027B323 /* MediaPlayer.framework in Frameworks */ = {isa = PBXBuildFile; fileRef = 1707FC3F157728C80027B323 /* MediaPlayer.framework */; };
		1707FC4515772A270027B323 /* Icon.png in Resources */ = {isa = PBXBuildFile; fileRef = 1707FC4415772A270027B323 /* Icon.png */; };
		1714411215C08FF300E4F40F /* Bundles in Resources */ = {isa = PBXBuildFile; fileRef = 1714411115C0501500E4F40F /* Bundles */; };
		171ADD8F15BCE41D000D06F3 /* NonSelectableTextView.m in Sources */ = {isa = PBXBuildFile; fileRef = 171ADD8E15BCE41D000D06F3 /* NonSelectableTextView.m */; };
		1730F41C1577B46B003333C4 /* TapConfig.plist in Resources */ = {isa = PBXBuildFile; fileRef = 1730F41B1577B46B003333C4 /* TapConfig.plist */; };
		1735520015DD7D4B008B3A5E /* AudioStopViewController.m in Sources */ = {isa = PBXBuildFile; fileRef = 173551FF15DD7D4B008B3A5E /* AudioStopViewController.m */; };
		1735520415DD7DE9008B3A5E /* VideoStopViewController.m in Sources */ = {isa = PBXBuildFile; fileRef = 1735520315DD7DE9008B3A5E /* VideoStopViewController.m */; };
		173A566615B99A3F0060DDE2 /* ISO8601DateFormatter.m in Sources */ = {isa = PBXBuildFile; fileRef = 173A566515B99A3F0060DDE2 /* ISO8601DateFormatter.m */; };
		173F94C5156DE15B000DD580 /* TAPAssetRef.m in Sources */ = {isa = PBXBuildFile; fileRef = 173F94C4156DE15B000DD580 /* TAPAssetRef.m */; };
		173F94C9156DE15C000DD580 /* TAPSource.m in Sources */ = {isa = PBXBuildFile; fileRef = 173F94C8156DE15C000DD580 /* TAPSource.m */; };
		173F94CC156DE15C000DD580 /* TAPProperty.m in Sources */ = {isa = PBXBuildFile; fileRef = 173F94CB156DE15C000DD580 /* TAPProperty.m */; };
		173F94CF156DE15C000DD580 /* TAPTour.m in Sources */ = {isa = PBXBuildFile; fileRef = 173F94CE156DE15C000DD580 /* TAPTour.m */; };
		173F94D2156DE15C000DD580 /* TAPContent.m in Sources */ = {isa = PBXBuildFile; fileRef = 173F94D1156DE15C000DD580 /* TAPContent.m */; };
		173F94D5156DE15C000DD580 /* TAPAsset.m in Sources */ = {isa = PBXBuildFile; fileRef = 173F94D4156DE15C000DD580 /* TAPAsset.m */; };
		173F94D8156DE15C000DD580 /* TAPConnection.m in Sources */ = {isa = PBXBuildFile; fileRef = 173F94D7156DE15C000DD580 /* TAPConnection.m */; };
		173F94DB156DE15C000DD580 /* TAPStop.m in Sources */ = {isa = PBXBuildFile; fileRef = 173F94DA156DE15C000DD580 /* TAPStop.m */; };
		173F94F0156DE3A3000DD580 /* GDataXMLNode.m in Sources */ = {isa = PBXBuildFile; fileRef = 173F94EF156DE3A3000DD580 /* GDataXMLNode.m */; settings = {COMPILER_FLAGS = ""; }; };
		173F94F7156DE4A6000DD580 /* TourMLParser.m in Sources */ = {isa = PBXBuildFile; fileRef = 173F94F6156DE4A6000DD580 /* TourMLParser.m */; };
		177318971704B5CA00A53F67 /* libFlurry.a in Frameworks */ = {isa = PBXBuildFile; fileRef = 177318961704B5CA00A53F67 /* libFlurry.a */; };
		1773189C1704D04200A53F67 /* tap-splash-btm@2x.png in Resources */ = {isa = PBXBuildFile; fileRef = 1773189A1704D04200A53F67 /* tap-splash-btm@2x.png */; };
		1773189D1704D04200A53F67 /* tap-splash-top@2x.png in Resources */ = {isa = PBXBuildFile; fileRef = 1773189B1704D04200A53F67 /* tap-splash-top@2x.png */; };
		1773189F1704D05700A53F67 /* Default@2x.png in Resources */ = {isa = PBXBuildFile; fileRef = 1773189E1704D05700A53F67 /* Default@2x.png */; };
		177318A11704D24E00A53F67 /* Default-568h@2x.png in Resources */ = {isa = PBXBuildFile; fileRef = 177318A01704D24D00A53F67 /* Default-568h@2x.png */; };
		177318A41704D39400A53F67 /* UIDevice+Screen.m in Sources */ = {isa = PBXBuildFile; fileRef = 177318A31704D39400A53F67 /* UIDevice+Screen.m */; };
		177318A71704D59000A53F67 /* tap-splash-btm-568h@2x.png in Resources */ = {isa = PBXBuildFile; fileRef = 177318A51704D59000A53F67 /* tap-splash-btm-568h@2x.png */; };
		177318A81704D59000A53F67 /* tap-splash-top-568h@2x.png in Resources */ = {isa = PBXBuildFile; fileRef = 177318A61704D59000A53F67 /* tap-splash-top-568h@2x.png */; };
		177318AA1704D70D00A53F67 /* Icon@2x.png in Resources */ = {isa = PBXBuildFile; fileRef = 177318A91704D70D00A53F67 /* Icon@2x.png */; };
		1788D0FC16759051004B577B /* UINavigationController+Rotation.m in Sources */ = {isa = PBXBuildFile; fileRef = 1788D0FB16759051004B577B /* UINavigationController+Rotation.m */; };
		17BAAE0015685F160012F849 /* UIKit.framework in Frameworks */ = {isa = PBXBuildFile; fileRef = 17BAADFF15685F160012F849 /* UIKit.framework */; };
		17BAAE0215685F160012F849 /* Foundation.framework in Frameworks */ = {isa = PBXBuildFile; fileRef = 17BAAE0115685F160012F849 /* Foundation.framework */; };
		17BAAE0415685F160012F849 /* CoreGraphics.framework in Frameworks */ = {isa = PBXBuildFile; fileRef = 17BAAE0315685F160012F849 /* CoreGraphics.framework */; };
		17BAAE0615685F160012F849 /* CoreData.framework in Frameworks */ = {isa = PBXBuildFile; fileRef = 17BAAE0515685F160012F849 /* CoreData.framework */; };
		17BAAE0E15685F170012F849 /* main.m in Sources */ = {isa = PBXBuildFile; fileRef = 17BAAE0D15685F170012F849 /* main.m */; };
		17BAAE1215685F170012F849 /* AppDelegate.m in Sources */ = {isa = PBXBuildFile; fileRef = 17BAAE1115685F170012F849 /* AppDelegate.m */; };
		17BAAE1515685F170012F849 /* Tap.xcdatamodeld in Sources */ = {isa = PBXBuildFile; fileRef = 17BAAE1315685F170012F849 /* Tap.xcdatamodeld */; };
		17BAAE2C1568B1B70012F849 /* MainWindow.xib in Resources */ = {isa = PBXBuildFile; fileRef = 17BAAE2B1568B1B70012F849 /* MainWindow.xib */; };
		17BE366415B39DFE0015DE77 /* ImageScrollViewController.m in Sources */ = {isa = PBXBuildFile; fileRef = 1707FC4715772A9C0027B323 /* ImageScrollViewController.m */; };
		17C7F5B215C0F7B8004DF2FD /* AVFoundation.framework in Frameworks */ = {isa = PBXBuildFile; fileRef = 17C7F5B115C0F7B7004DF2FD /* AVFoundation.framework */; };
		17DE996D15ABA5C2004C8A25 /* click.aif in Resources */ = {isa = PBXBuildFile; fileRef = 17DE996B15ABA5C2004C8A25 /* click.aif */; };
		17DE996E15ABA5C2004C8A25 /* error.aif in Resources */ = {isa = PBXBuildFile; fileRef = 17DE996C15ABA5C2004C8A25 /* error.aif */; };
		17DE997015ABC568004C8A25 /* StopListViewController.xib in Resources */ = {isa = PBXBuildFile; fileRef = 17DE996F15ABC568004C8A25 /* StopListViewController.xib */; };
		17DE997215AC7D02004C8A25 /* TAP Help Video.mp4 in Resources */ = {isa = PBXBuildFile; fileRef = 17DE997115AC7D02004C8A25 /* TAP Help Video.mp4 */; };
		17F3E93016C0CFAF002E3957 /* SystemConfiguration.framework in Frameworks */ = {isa = PBXBuildFile; fileRef = 17F3E92F16C0CFAF002E3957 /* SystemConfiguration.framework */; };
		39A48D4B16380AD7009B03AD /* (null) in Resources */ = {isa = PBXBuildFile; };
		39A7967E163DC99F0052DCDF /* Localizable.strings in Resources */ = {isa = PBXBuildFile; fileRef = 39A79680163DC99F0052DCDF /* Localizable.strings */; };
		6540AAA1167DBFD200C0EC65 /* LanguageSelectionViewController.m in Sources */ = {isa = PBXBuildFile; fileRef = 6540AA9F167DBFD200C0EC65 /* LanguageSelectionViewController.m */; };
		6540AAA2167DBFD200C0EC65 /* LanguageSelectionViewController.xib in Resources */ = {isa = PBXBuildFile; fileRef = 6540AAA0167DBFD200C0EC65 /* LanguageSelectionViewController.xib */; };
		655B390B1702A0D900BC1ED4 /* question-mark.png in Resources */ = {isa = PBXBuildFile; fileRef = 655B390A1702A0D900BC1ED4 /* question-mark.png */; };
		655B390D1702A33800BC1ED4 /* question-mark@2x.png in Resources */ = {isa = PBXBuildFile; fileRef = 655B390C1702A33800BC1ED4 /* question-mark@2x.png */; };
		65AAFD3916BE27D700E2DA39 /* BaseStop.m in Sources */ = {isa = PBXBuildFile; fileRef = 65AAFD3816BE27D700E2DA39 /* BaseStop.m */; };
		65AAFD3C16BE28C200E2DA39 /* ImageStop.m in Sources */ = {isa = PBXBuildFile; fileRef = 65AAFD3B16BE28C200E2DA39 /* ImageStop.m */; };
		65AAFD3F16BE28D200E2DA39 /* AudioStop.m in Sources */ = {isa = PBXBuildFile; fileRef = 65AAFD3E16BE28D200E2DA39 /* AudioStop.m */; };
		65AAFD4216BE28E300E2DA39 /* StopGroup.m in Sources */ = {isa = PBXBuildFile; fileRef = 65AAFD4116BE28E300E2DA39 /* StopGroup.m */; };
		65AAFD4516BF163C00E2DA39 /* VideoStop.m in Sources */ = {isa = PBXBuildFile; fileRef = 65AAFD4416BF163C00E2DA39 /* VideoStop.m */; };
		65AAFD4816BF171C00E2DA39 /* StopFactory.m in Sources */ = {isa = PBXBuildFile; fileRef = 65AAFD4716BF171C00E2DA39 /* StopFactory.m */; };
		65CBBE501703E68F00A78E7E /* globe@2x.png in Resources */ = {isa = PBXBuildFile; fileRef = 65CBBE4F1703E68F00A78E7E /* globe@2x.png */; };
		65CBBE521703E69400A78E7E /* globe.png in Resources */ = {isa = PBXBuildFile; fileRef = 65CBBE511703E69400A78E7E /* globe.png */; };
		65CBBE581703EF9600A78E7E /* audio-icon@2x.png in Resources */ = {isa = PBXBuildFile; fileRef = 65CBBE531703EF9500A78E7E /* audio-icon@2x.png */; };
		65CBBE591703EF9600A78E7E /* list-icon@2x.png in Resources */ = {isa = PBXBuildFile; fileRef = 65CBBE541703EF9600A78E7E /* list-icon@2x.png */; };
		65CBBE5A1703EF9600A78E7E /* photo-icon@2x.png in Resources */ = {isa = PBXBuildFile; fileRef = 65CBBE551703EF9600A78E7E /* photo-icon@2x.png */; };
		65CBBE5B1703EF9600A78E7E /* video-icon@2x.png in Resources */ = {isa = PBXBuildFile; fileRef = 65CBBE561703EF9600A78E7E /* video-icon@2x.png */; };
		65CBBE5C1703EF9600A78E7E /* web-icon@2x.png in Resources */ = {isa = PBXBuildFile; fileRef = 65CBBE571703EF9600A78E7E /* web-icon@2x.png */; };
		65CBBE621703EFB000A78E7E /* audio-icon.png in Resources */ = {isa = PBXBuildFile; fileRef = 65CBBE5D1703EFB000A78E7E /* audio-icon.png */; };
		65CBBE631703EFB000A78E7E /* list-icon.png in Resources */ = {isa = PBXBuildFile; fileRef = 65CBBE5E1703EFB000A78E7E /* list-icon.png */; };
		65CBBE641703EFB000A78E7E /* photo-icon.png in Resources */ = {isa = PBXBuildFile; fileRef = 65CBBE5F1703EFB000A78E7E /* photo-icon.png */; };
		65CBBE651703EFB000A78E7E /* video-icon.png in Resources */ = {isa = PBXBuildFile; fileRef = 65CBBE601703EFB000A78E7E /* video-icon.png */; };
		65CBBE661703EFB000A78E7E /* web-icon.png in Resources */ = {isa = PBXBuildFile; fileRef = 65CBBE611703EFB000A78E7E /* web-icon.png */; };
		65CBBE681703F45700A78E7E /* btn-open@2x.png in Resources */ = {isa = PBXBuildFile; fileRef = 65CBBE671703F45700A78E7E /* btn-open@2x.png */; };
		65CBBE6A1703F45E00A78E7E /* btn-open.png in Resources */ = {isa = PBXBuildFile; fileRef = 65CBBE691703F45E00A78E7E /* btn-open.png */; };
		65CBBE6C1703F57100A78E7E /* btn-close@2x.png in Resources */ = {isa = PBXBuildFile; fileRef = 65CBBE6B1703F57100A78E7E /* btn-close@2x.png */; };
		65CBBE6E1703F57800A78E7E /* btn-close.png in Resources */ = {isa = PBXBuildFile; fileRef = 65CBBE6D1703F57800A78E7E /* btn-close.png */; };
		65F424E216F972A9004D05B4 /* TourSelectionViewController.xib in Resources */ = {isa = PBXBuildFile; fileRef = 65F424E116F972A9004D05B4 /* TourSelectionViewController.xib */; };
		65F424E616FAADBB004D05B4 /* TourTabBarViewController.m in Sources */ = {isa = PBXBuildFile; fileRef = 65F424E416FAADBA004D05B4 /* TourTabBarViewController.m */; };
		65F424EB16FBDCF0004D05B4 /* MapViewController.m in Sources */ = {isa = PBXBuildFile; fileRef = 65F424E916FBDCEF004D05B4 /* MapViewController.m */; };
		65F424EF16FBDD25004D05B4 /* StopNavigationViewController.m in Sources */ = {isa = PBXBuildFile; fileRef = 65F424EE16FBDD24004D05B4 /* StopNavigationViewController.m */; };
		65F424F916FBF001004D05B4 /* keypad@2x.png in Resources */ = {isa = PBXBuildFile; fileRef = 65F424F616FBF001004D05B4 /* keypad@2x.png */; };
		65F424FA16FBF001004D05B4 /* list@2x.png in Resources */ = {isa = PBXBuildFile; fileRef = 65F424F716FBF001004D05B4 /* list@2x.png */; };
		65F424FB16FBF001004D05B4 /* map@2x.png in Resources */ = {isa = PBXBuildFile; fileRef = 65F424F816FBF001004D05B4 /* map@2x.png */; };
		65F424FF16FBF00F004D05B4 /* keypad.png in Resources */ = {isa = PBXBuildFile; fileRef = 65F424FC16FBF00E004D05B4 /* keypad.png */; };
		65F4250016FBF00F004D05B4 /* list.png in Resources */ = {isa = PBXBuildFile; fileRef = 65F424FD16FBF00E004D05B4 /* list.png */; };
		65F4250116FBF00F004D05B4 /* map.png in Resources */ = {isa = PBXBuildFile; fileRef = 65F424FE16FBF00F004D05B4 /* map.png */; };
		65F4250316FBFEE7004D05B4 /* MapKit.framework in Frameworks */ = {isa = PBXBuildFile; fileRef = 65F4250216FBFEE6004D05B4 /* MapKit.framework */; };
		65F4250516FC022F004D05B4 /* CoreLocation.framework in Frameworks */ = {isa = PBXBuildFile; fileRef = 65F4250416FC022F004D05B4 /* CoreLocation.framework */; };
		65F4250816FC03C0004D05B4 /* MKMapView+ZoomLevel.m in Sources */ = {isa = PBXBuildFile; fileRef = 65F4250716FC03C0004D05B4 /* MKMapView+ZoomLevel.m */; };
/* End PBXBuildFile section */

/* Begin PBXFileReference section */
		1707FBDE15771B9F0027B323 /* bg-header-wide.png */ = {isa = PBXFileReference; lastKnownFileType = image.png; name = "bg-header-wide.png"; path = "Resources/bg-header-wide.png"; sourceTree = "<group>"; };
		1707FBDF15771B9F0027B323 /* bg-header.png */ = {isa = PBXFileReference; lastKnownFileType = image.png; name = "bg-header.png"; path = "Resources/bg-header.png"; sourceTree = "<group>"; };
		1707FBE015771B9F0027B323 /* bg-main-tile.png */ = {isa = PBXFileReference; lastKnownFileType = image.png; name = "bg-main-tile.png"; path = "Resources/bg-main-tile.png"; sourceTree = "<group>"; };
		1707FBE115771B9F0027B323 /* bg-main.png */ = {isa = PBXFileReference; lastKnownFileType = image.png; name = "bg-main.png"; path = "Resources/bg-main.png"; sourceTree = "<group>"; };
		1707FBE715771B9F0027B323 /* Default.png */ = {isa = PBXFileReference; lastKnownFileType = image.png; name = Default.png; path = Resources/Default.png; sourceTree = "<group>"; };
		1707FBEF15771B9F0027B323 /* keypad-clear-down.png */ = {isa = PBXFileReference; lastKnownFileType = image.png; name = "keypad-clear-down.png"; path = "Resources/keypad-clear-down.png"; sourceTree = "<group>"; };
		1707FBF015771B9F0027B323 /* keypad-clear-up.png */ = {isa = PBXFileReference; lastKnownFileType = image.png; name = "keypad-clear-up.png"; path = "Resources/keypad-clear-up.png"; sourceTree = "<group>"; };
		1707FBF115771B9F0027B323 /* keypad-go-down.png */ = {isa = PBXFileReference; lastKnownFileType = image.png; name = "keypad-go-down.png"; path = "Resources/keypad-go-down.png"; sourceTree = "<group>"; };
		1707FBF215771B9F0027B323 /* keypad-go-up.png */ = {isa = PBXFileReference; lastKnownFileType = image.png; name = "keypad-go-up.png"; path = "Resources/keypad-go-up.png"; sourceTree = "<group>"; };
		1707FBF315771B9F0027B323 /* keypad-number-down.png */ = {isa = PBXFileReference; lastKnownFileType = image.png; name = "keypad-number-down.png"; path = "Resources/keypad-number-down.png"; sourceTree = "<group>"; };
		1707FBF415771B9F0027B323 /* keypad-number-up.png */ = {isa = PBXFileReference; lastKnownFileType = image.png; name = "keypad-number-up.png"; path = "Resources/keypad-number-up.png"; sourceTree = "<group>"; };
		1707FBF515771B9F0027B323 /* keypad-textfield.png */ = {isa = PBXFileReference; lastKnownFileType = image.png; name = "keypad-textfield.png"; path = "Resources/keypad-textfield.png"; sourceTree = "<group>"; };
		1707FBF615771B9F0027B323 /* submit-btn.png */ = {isa = PBXFileReference; lastKnownFileType = image.png; name = "submit-btn.png"; path = "Resources/submit-btn.png"; sourceTree = "<group>"; };
		1707FBF715771B9F0027B323 /* tap-splash-btm.png */ = {isa = PBXFileReference; lastKnownFileType = image.png; name = "tap-splash-btm.png"; path = "Resources/tap-splash-btm.png"; sourceTree = "<group>"; };
		1707FBF815771B9F0027B323 /* tap-splash-top.png */ = {isa = PBXFileReference; lastKnownFileType = image.png; name = "tap-splash-top.png"; path = "Resources/tap-splash-top.png"; sourceTree = "<group>"; };
		1707FC1415771E640027B323 /* StopListViewController.h */ = {isa = PBXFileReference; fileEncoding = 4; lastKnownFileType = sourcecode.c.h; lineEnding = 0; name = StopListViewController.h; path = Classes/StopListViewController.h; sourceTree = "<group>"; xcLanguageSpecificationIdentifier = xcode.lang.objcpp; };
		1707FC1515771E640027B323 /* StopListViewController.m */ = {isa = PBXFileReference; fileEncoding = 4; lastKnownFileType = sourcecode.c.objc; lineEnding = 0; name = StopListViewController.m; path = Classes/StopListViewController.m; sourceTree = "<group>"; xcLanguageSpecificationIdentifier = xcode.lang.objc; };
		1707FC1E15771F8E0027B323 /* KeypadViewController.h */ = {isa = PBXFileReference; fileEncoding = 4; lastKnownFileType = sourcecode.c.h; lineEnding = 0; name = KeypadViewController.h; path = Classes/KeypadViewController.h; sourceTree = "<group>"; xcLanguageSpecificationIdentifier = xcode.lang.objcpp; };
		1707FC1F15771F8E0027B323 /* KeypadViewController.m */ = {isa = PBXFileReference; fileEncoding = 4; lastKnownFileType = sourcecode.c.objc; name = KeypadViewController.m; path = Classes/KeypadViewController.m; sourceTree = "<group>"; };
		1707FC2015771F8E0027B323 /* KeypadViewController.xib */ = {isa = PBXFileReference; fileEncoding = 4; lastKnownFileType = file.xib; name = KeypadViewController.xib; path = Classes/KeypadViewController.xib; sourceTree = "<group>"; };
		1707FC2315771FB10027B323 /* StopGroupViewController.h */ = {isa = PBXFileReference; fileEncoding = 4; lastKnownFileType = sourcecode.c.h; name = StopGroupViewController.h; path = Classes/StopGroupViewController.h; sourceTree = "<group>"; };
		1707FC2415771FB10027B323 /* StopGroupViewController.m */ = {isa = PBXFileReference; fileEncoding = 4; lastKnownFileType = sourcecode.c.objc; lineEnding = 0; name = StopGroupViewController.m; path = Classes/StopGroupViewController.m; sourceTree = "<group>"; xcLanguageSpecificationIdentifier = xcode.lang.objc; };
		1707FC2515771FB10027B323 /* StopGroupViewController.xib */ = {isa = PBXFileReference; fileEncoding = 4; lastKnownFileType = file.xib; name = StopGroupViewController.xib; path = Classes/StopGroupViewController.xib; sourceTree = "<group>"; };
		1707FC2815771FE70027B323 /* TourSelectionViewController.h */ = {isa = PBXFileReference; fileEncoding = 4; lastKnownFileType = sourcecode.c.h; name = TourSelectionViewController.h; path = Classes/TourSelectionViewController.h; sourceTree = "<group>"; };
		1707FC2915771FE70027B323 /* TourSelectionViewController.m */ = {isa = PBXFileReference; fileEncoding = 4; lastKnownFileType = sourcecode.c.objc; name = TourSelectionViewController.m; path = Classes/TourSelectionViewController.m; sourceTree = "<group>"; };
		1707FC32157720520027B323 /* ImageGalleryViewController.h */ = {isa = PBXFileReference; fileEncoding = 4; lastKnownFileType = sourcecode.c.h; lineEnding = 0; name = ImageGalleryViewController.h; path = Classes/ImageGalleryViewController.h; sourceTree = "<group>"; xcLanguageSpecificationIdentifier = xcode.lang.objcpp; };
		1707FC33157720520027B323 /* ImageGalleryViewController.m */ = {isa = PBXFileReference; fileEncoding = 4; lastKnownFileType = sourcecode.c.objc; name = ImageGalleryViewController.m; path = Classes/ImageGalleryViewController.m; sourceTree = "<group>"; };
		1707FC3E157728C80027B323 /* AudioToolbox.framework */ = {isa = PBXFileReference; lastKnownFileType = wrapper.framework; name = AudioToolbox.framework; path = System/Library/Frameworks/AudioToolbox.framework; sourceTree = SDKROOT; };
		1707FC3F157728C80027B323 /* MediaPlayer.framework */ = {isa = PBXFileReference; lastKnownFileType = wrapper.framework; name = MediaPlayer.framework; path = System/Library/Frameworks/MediaPlayer.framework; sourceTree = SDKROOT; };
		1707FC4415772A270027B323 /* Icon.png */ = {isa = PBXFileReference; lastKnownFileType = image.png; name = Icon.png; path = ../Icon.png; sourceTree = "<group>"; };
		1707FC4615772A9C0027B323 /* ImageScrollViewController.h */ = {isa = PBXFileReference; lastKnownFileType = sourcecode.c.h; name = ImageScrollViewController.h; path = Classes/ImageScrollViewController.h; sourceTree = "<group>"; };
		1707FC4715772A9C0027B323 /* ImageScrollViewController.m */ = {isa = PBXFileReference; lastKnownFileType = sourcecode.c.objc; name = ImageScrollViewController.m; path = Classes/ImageScrollViewController.m; sourceTree = "<group>"; };
		1714411115C0501500E4F40F /* Bundles */ = {isa = PBXFileReference; lastKnownFileType = folder; name = Bundles; path = Tap/Bundles; sourceTree = "<group>"; };
		171ADD8D15BCE41D000D06F3 /* NonSelectableTextView.h */ = {isa = PBXFileReference; fileEncoding = 4; lastKnownFileType = sourcecode.c.h; name = NonSelectableTextView.h; path = Classes/NonSelectableTextView.h; sourceTree = "<group>"; };
		171ADD8E15BCE41D000D06F3 /* NonSelectableTextView.m */ = {isa = PBXFileReference; fileEncoding = 4; lastKnownFileType = sourcecode.c.objc; lineEnding = 0; name = NonSelectableTextView.m; path = Classes/NonSelectableTextView.m; sourceTree = "<group>"; xcLanguageSpecificationIdentifier = xcode.lang.objc; };
		1730F41B1577B46B003333C4 /* TapConfig.plist */ = {isa = PBXFileReference; fileEncoding = 4; lastKnownFileType = text.plist.xml; path = TapConfig.plist; sourceTree = "<group>"; };
		173551FE15DD7D4B008B3A5E /* AudioStopViewController.h */ = {isa = PBXFileReference; fileEncoding = 4; lastKnownFileType = sourcecode.c.h; name = AudioStopViewController.h; path = Classes/AudioStopViewController.h; sourceTree = "<group>"; };
		173551FF15DD7D4B008B3A5E /* AudioStopViewController.m */ = {isa = PBXFileReference; fileEncoding = 4; lastKnownFileType = sourcecode.c.objc; name = AudioStopViewController.m; path = Classes/AudioStopViewController.m; sourceTree = "<group>"; };
		1735520215DD7DE9008B3A5E /* VideoStopViewController.h */ = {isa = PBXFileReference; fileEncoding = 4; lastKnownFileType = sourcecode.c.h; name = VideoStopViewController.h; path = Classes/VideoStopViewController.h; sourceTree = "<group>"; };
		1735520315DD7DE9008B3A5E /* VideoStopViewController.m */ = {isa = PBXFileReference; fileEncoding = 4; lastKnownFileType = sourcecode.c.objc; name = VideoStopViewController.m; path = Classes/VideoStopViewController.m; sourceTree = "<group>"; };
		173A566415B99A3F0060DDE2 /* ISO8601DateFormatter.h */ = {isa = PBXFileReference; fileEncoding = 4; lastKnownFileType = sourcecode.c.h; name = ISO8601DateFormatter.h; path = Classes/ISO8601DateFormatter.h; sourceTree = "<group>"; };
		173A566515B99A3F0060DDE2 /* ISO8601DateFormatter.m */ = {isa = PBXFileReference; fileEncoding = 4; lastKnownFileType = sourcecode.c.objc; name = ISO8601DateFormatter.m; path = Classes/ISO8601DateFormatter.m; sourceTree = "<group>"; };
		173F94C3156DE15B000DD580 /* TAPAssetRef.h */ = {isa = PBXFileReference; fileEncoding = 4; lastKnownFileType = sourcecode.c.h; name = TAPAssetRef.h; path = Classes/TAPAssetRef.h; sourceTree = "<group>"; };
		173F94C4156DE15B000DD580 /* TAPAssetRef.m */ = {isa = PBXFileReference; fileEncoding = 4; lastKnownFileType = sourcecode.c.objc; name = TAPAssetRef.m; path = Classes/TAPAssetRef.m; sourceTree = "<group>"; };
		173F94C7156DE15C000DD580 /* TAPSource.h */ = {isa = PBXFileReference; fileEncoding = 4; lastKnownFileType = sourcecode.c.h; name = TAPSource.h; path = Classes/TAPSource.h; sourceTree = "<group>"; };
		173F94C8156DE15C000DD580 /* TAPSource.m */ = {isa = PBXFileReference; fileEncoding = 4; lastKnownFileType = sourcecode.c.objc; name = TAPSource.m; path = Classes/TAPSource.m; sourceTree = "<group>"; };
		173F94CA156DE15C000DD580 /* TAPProperty.h */ = {isa = PBXFileReference; fileEncoding = 4; lastKnownFileType = sourcecode.c.h; name = TAPProperty.h; path = Classes/TAPProperty.h; sourceTree = "<group>"; };
		173F94CB156DE15C000DD580 /* TAPProperty.m */ = {isa = PBXFileReference; fileEncoding = 4; lastKnownFileType = sourcecode.c.objc; name = TAPProperty.m; path = Classes/TAPProperty.m; sourceTree = "<group>"; };
		173F94CD156DE15C000DD580 /* TAPTour.h */ = {isa = PBXFileReference; fileEncoding = 4; lastKnownFileType = sourcecode.c.h; name = TAPTour.h; path = Classes/TAPTour.h; sourceTree = "<group>"; };
		173F94CE156DE15C000DD580 /* TAPTour.m */ = {isa = PBXFileReference; fileEncoding = 4; lastKnownFileType = sourcecode.c.objc; name = TAPTour.m; path = Classes/TAPTour.m; sourceTree = "<group>"; };
		173F94D0156DE15C000DD580 /* TAPContent.h */ = {isa = PBXFileReference; fileEncoding = 4; lastKnownFileType = sourcecode.c.h; name = TAPContent.h; path = Classes/TAPContent.h; sourceTree = "<group>"; };
		173F94D1156DE15C000DD580 /* TAPContent.m */ = {isa = PBXFileReference; fileEncoding = 4; lastKnownFileType = sourcecode.c.objc; name = TAPContent.m; path = Classes/TAPContent.m; sourceTree = "<group>"; };
		173F94D3156DE15C000DD580 /* TAPAsset.h */ = {isa = PBXFileReference; fileEncoding = 4; lastKnownFileType = sourcecode.c.h; name = TAPAsset.h; path = Classes/TAPAsset.h; sourceTree = "<group>"; };
		173F94D4156DE15C000DD580 /* TAPAsset.m */ = {isa = PBXFileReference; fileEncoding = 4; lastKnownFileType = sourcecode.c.objc; name = TAPAsset.m; path = Classes/TAPAsset.m; sourceTree = "<group>"; };
		173F94D6156DE15C000DD580 /* TAPConnection.h */ = {isa = PBXFileReference; fileEncoding = 4; lastKnownFileType = sourcecode.c.h; name = TAPConnection.h; path = Classes/TAPConnection.h; sourceTree = "<group>"; };
		173F94D7156DE15C000DD580 /* TAPConnection.m */ = {isa = PBXFileReference; fileEncoding = 4; lastKnownFileType = sourcecode.c.objc; name = TAPConnection.m; path = Classes/TAPConnection.m; sourceTree = "<group>"; };
		173F94D9156DE15C000DD580 /* TAPStop.h */ = {isa = PBXFileReference; fileEncoding = 4; lastKnownFileType = sourcecode.c.h; name = TAPStop.h; path = Classes/TAPStop.h; sourceTree = "<group>"; };
		173F94DA156DE15C000DD580 /* TAPStop.m */ = {isa = PBXFileReference; fileEncoding = 4; lastKnownFileType = sourcecode.c.objc; name = TAPStop.m; path = Classes/TAPStop.m; sourceTree = "<group>"; };
		173F94EE156DE3A3000DD580 /* GDataXMLNode.h */ = {isa = PBXFileReference; fileEncoding = 4; lastKnownFileType = sourcecode.c.h; name = GDataXMLNode.h; path = Classes/GDataXMLNode.h; sourceTree = "<group>"; };
		173F94EF156DE3A3000DD580 /* GDataXMLNode.m */ = {isa = PBXFileReference; fileEncoding = 4; lastKnownFileType = sourcecode.c.objc; name = GDataXMLNode.m; path = Classes/GDataXMLNode.m; sourceTree = "<group>"; };
		173F94F5156DE4A6000DD580 /* TourMLParser.h */ = {isa = PBXFileReference; fileEncoding = 4; lastKnownFileType = sourcecode.c.h; name = TourMLParser.h; path = Classes/TourMLParser.h; sourceTree = "<group>"; };
		173F94F6156DE4A6000DD580 /* TourMLParser.m */ = {isa = PBXFileReference; fileEncoding = 4; lastKnownFileType = sourcecode.c.objc; name = TourMLParser.m; path = Classes/TourMLParser.m; sourceTree = "<group>"; };
		177318951704B5CA00A53F67 /* Flurry.h */ = {isa = PBXFileReference; fileEncoding = 4; lastKnownFileType = sourcecode.c.h; path = Flurry.h; sourceTree = "<group>"; };
		177318961704B5CA00A53F67 /* libFlurry.a */ = {isa = PBXFileReference; lastKnownFileType = archive.ar; path = libFlurry.a; sourceTree = "<group>"; };
		1773189A1704D04200A53F67 /* tap-splash-btm@2x.png */ = {isa = PBXFileReference; lastKnownFileType = image.png; name = "tap-splash-btm@2x.png"; path = "Resources/tap-splash-btm@2x.png"; sourceTree = "<group>"; };
		1773189B1704D04200A53F67 /* tap-splash-top@2x.png */ = {isa = PBXFileReference; lastKnownFileType = image.png; name = "tap-splash-top@2x.png"; path = "Resources/tap-splash-top@2x.png"; sourceTree = "<group>"; };
		1773189E1704D05700A53F67 /* Default@2x.png */ = {isa = PBXFileReference; lastKnownFileType = image.png; name = "Default@2x.png"; path = "Resources/Default@2x.png"; sourceTree = "<group>"; };
		177318A01704D24D00A53F67 /* Default-568h@2x.png */ = {isa = PBXFileReference; lastKnownFileType = image.png; name = "Default-568h@2x.png"; path = "Resources/Default-568h@2x.png"; sourceTree = "<group>"; };
		177318A21704D39400A53F67 /* UIDevice+Screen.h */ = {isa = PBXFileReference; fileEncoding = 4; lastKnownFileType = sourcecode.c.h; name = "UIDevice+Screen.h"; path = "Classes/UIDevice+Screen.h"; sourceTree = "<group>"; };
		177318A31704D39400A53F67 /* UIDevice+Screen.m */ = {isa = PBXFileReference; fileEncoding = 4; lastKnownFileType = sourcecode.c.objc; name = "UIDevice+Screen.m"; path = "Classes/UIDevice+Screen.m"; sourceTree = "<group>"; };
		177318A51704D59000A53F67 /* tap-splash-btm-568h@2x.png */ = {isa = PBXFileReference; lastKnownFileType = image.png; name = "tap-splash-btm-568h@2x.png"; path = "Resources/tap-splash-btm-568h@2x.png"; sourceTree = "<group>"; };
		177318A61704D59000A53F67 /* tap-splash-top-568h@2x.png */ = {isa = PBXFileReference; lastKnownFileType = image.png; name = "tap-splash-top-568h@2x.png"; path = "Resources/tap-splash-top-568h@2x.png"; sourceTree = "<group>"; };
		177318A91704D70D00A53F67 /* Icon@2x.png */ = {isa = PBXFileReference; lastKnownFileType = image.png; name = "Icon@2x.png"; path = "../Icon@2x.png"; sourceTree = "<group>"; };
		1788D0FA16759051004B577B /* UINavigationController+Rotation.h */ = {isa = PBXFileReference; fileEncoding = 4; lastKnownFileType = sourcecode.c.h; name = "UINavigationController+Rotation.h"; path = "Classes/UINavigationController+Rotation.h"; sourceTree = "<group>"; };
		1788D0FB16759051004B577B /* UINavigationController+Rotation.m */ = {isa = PBXFileReference; fileEncoding = 4; lastKnownFileType = sourcecode.c.objc; name = "UINavigationController+Rotation.m"; path = "Classes/UINavigationController+Rotation.m"; sourceTree = "<group>"; };
		17BAADFB15685F160012F849 /* Tap.app */ = {isa = PBXFileReference; explicitFileType = wrapper.application; includeInIndex = 0; path = Tap.app; sourceTree = BUILT_PRODUCTS_DIR; };
		17BAADFF15685F160012F849 /* UIKit.framework */ = {isa = PBXFileReference; lastKnownFileType = wrapper.framework; name = UIKit.framework; path = System/Library/Frameworks/UIKit.framework; sourceTree = SDKROOT; };
		17BAAE0115685F160012F849 /* Foundation.framework */ = {isa = PBXFileReference; lastKnownFileType = wrapper.framework; name = Foundation.framework; path = System/Library/Frameworks/Foundation.framework; sourceTree = SDKROOT; };
		17BAAE0315685F160012F849 /* CoreGraphics.framework */ = {isa = PBXFileReference; lastKnownFileType = wrapper.framework; name = CoreGraphics.framework; path = System/Library/Frameworks/CoreGraphics.framework; sourceTree = SDKROOT; };
		17BAAE0515685F160012F849 /* CoreData.framework */ = {isa = PBXFileReference; lastKnownFileType = wrapper.framework; name = CoreData.framework; path = System/Library/Frameworks/CoreData.framework; sourceTree = SDKROOT; };
		17BAAE0915685F170012F849 /* Tap-Info.plist */ = {isa = PBXFileReference; lastKnownFileType = text.plist.xml; path = "Tap-Info.plist"; sourceTree = "<group>"; };
		17BAAE0D15685F170012F849 /* main.m */ = {isa = PBXFileReference; lastKnownFileType = sourcecode.c.objc; path = main.m; sourceTree = "<group>"; };
		17BAAE0F15685F170012F849 /* Tap-Prefix.pch */ = {isa = PBXFileReference; lastKnownFileType = sourcecode.c.h; path = "Tap-Prefix.pch"; sourceTree = "<group>"; };
		17BAAE1015685F170012F849 /* AppDelegate.h */ = {isa = PBXFileReference; lastKnownFileType = sourcecode.c.h; name = AppDelegate.h; path = Classes/AppDelegate.h; sourceTree = "<group>"; };
		17BAAE1115685F170012F849 /* AppDelegate.m */ = {isa = PBXFileReference; lastKnownFileType = sourcecode.c.objc; name = AppDelegate.m; path = Classes/AppDelegate.m; sourceTree = "<group>"; };
		17BAAE1415685F170012F849 /* Tap.xcdatamodel */ = {isa = PBXFileReference; lastKnownFileType = wrapper.xcdatamodel; path = Tap.xcdatamodel; sourceTree = "<group>"; };
		17BAAE2B1568B1B70012F849 /* MainWindow.xib */ = {isa = PBXFileReference; fileEncoding = 4; lastKnownFileType = file.xib; name = MainWindow.xib; path = Classes/MainWindow.xib; sourceTree = "<group>"; };
		17C7F5B115C0F7B7004DF2FD /* AVFoundation.framework */ = {isa = PBXFileReference; lastKnownFileType = wrapper.framework; name = AVFoundation.framework; path = System/Library/Frameworks/AVFoundation.framework; sourceTree = SDKROOT; };
		17DE996B15ABA5C2004C8A25 /* click.aif */ = {isa = PBXFileReference; lastKnownFileType = file; name = click.aif; path = Resources/click.aif; sourceTree = "<group>"; };
		17DE996C15ABA5C2004C8A25 /* error.aif */ = {isa = PBXFileReference; lastKnownFileType = file; name = error.aif; path = Resources/error.aif; sourceTree = "<group>"; };
		17DE996F15ABC568004C8A25 /* StopListViewController.xib */ = {isa = PBXFileReference; fileEncoding = 4; lastKnownFileType = file.xib; name = StopListViewController.xib; path = Classes/StopListViewController.xib; sourceTree = "<group>"; };
		17DE997115AC7D02004C8A25 /* TAP Help Video.mp4 */ = {isa = PBXFileReference; lastKnownFileType = file; name = "TAP Help Video.mp4"; path = "Resources/TAP Help Video.mp4"; sourceTree = "<group>"; };
		17F3E92F16C0CFAF002E3957 /* SystemConfiguration.framework */ = {isa = PBXFileReference; lastKnownFileType = wrapper.framework; name = SystemConfiguration.framework; path = System/Library/Frameworks/SystemConfiguration.framework; sourceTree = SDKROOT; };
		39A7967F163DC99F0052DCDF /* en */ = {isa = PBXFileReference; lastKnownFileType = text.plist.strings; name = en; path = en.lproj/Localizable.strings; sourceTree = "<group>"; };
		39AE2ECF163EFE9E003A32E5 /* es */ = {isa = PBXFileReference; lastKnownFileType = text.plist.strings; name = es; path = es.lproj/Localizable.strings; sourceTree = "<group>"; };
		39B8A564163DD0F700197596 /* nl */ = {isa = PBXFileReference; lastKnownFileType = text.plist.strings; name = nl; path = nl.lproj/Localizable.strings; sourceTree = "<group>"; };
		39B8A565163DD10000197596 /* fr */ = {isa = PBXFileReference; lastKnownFileType = text.plist.strings; name = fr; path = fr.lproj/Localizable.strings; sourceTree = "<group>"; };
		39B8A566163DD10800197596 /* de */ = {isa = PBXFileReference; lastKnownFileType = text.plist.strings; name = de; path = de.lproj/Localizable.strings; sourceTree = "<group>"; };
		6540AA9E167DBFD200C0EC65 /* LanguageSelectionViewController.h */ = {isa = PBXFileReference; fileEncoding = 4; lastKnownFileType = sourcecode.c.h; name = LanguageSelectionViewController.h; path = Classes/LanguageSelectionViewController.h; sourceTree = "<group>"; };
		6540AA9F167DBFD200C0EC65 /* LanguageSelectionViewController.m */ = {isa = PBXFileReference; fileEncoding = 4; lastKnownFileType = sourcecode.c.objc; name = LanguageSelectionViewController.m; path = Classes/LanguageSelectionViewController.m; sourceTree = "<group>"; };
		6540AAA0167DBFD200C0EC65 /* LanguageSelectionViewController.xib */ = {isa = PBXFileReference; fileEncoding = 4; lastKnownFileType = file.xib; name = LanguageSelectionViewController.xib; path = Classes/LanguageSelectionViewController.xib; sourceTree = "<group>"; };
		655B390A1702A0D900BC1ED4 /* question-mark.png */ = {isa = PBXFileReference; lastKnownFileType = image.png; name = "question-mark.png"; path = "Resources/question-mark.png"; sourceTree = "<group>"; };
		655B390C1702A33800BC1ED4 /* question-mark@2x.png */ = {isa = PBXFileReference; lastKnownFileType = image.png; name = "question-mark@2x.png"; path = "Resources/question-mark@2x.png"; sourceTree = "<group>"; };
		65AAFD3616BE27B100E2DA39 /* Stop.h */ = {isa = PBXFileReference; fileEncoding = 4; lastKnownFileType = sourcecode.c.h; name = Stop.h; path = Classes/Stop.h; sourceTree = "<group>"; };
		65AAFD3716BE27D700E2DA39 /* BaseStop.h */ = {isa = PBXFileReference; fileEncoding = 4; lastKnownFileType = sourcecode.c.h; name = BaseStop.h; path = Classes/BaseStop.h; sourceTree = "<group>"; };
		65AAFD3816BE27D700E2DA39 /* BaseStop.m */ = {isa = PBXFileReference; fileEncoding = 4; lastKnownFileType = sourcecode.c.objc; name = BaseStop.m; path = Classes/BaseStop.m; sourceTree = "<group>"; };
		65AAFD3A16BE28C200E2DA39 /* ImageStop.h */ = {isa = PBXFileReference; fileEncoding = 4; lastKnownFileType = sourcecode.c.h; name = ImageStop.h; path = Classes/ImageStop.h; sourceTree = "<group>"; };
		65AAFD3B16BE28C200E2DA39 /* ImageStop.m */ = {isa = PBXFileReference; fileEncoding = 4; lastKnownFileType = sourcecode.c.objc; name = ImageStop.m; path = Classes/ImageStop.m; sourceTree = "<group>"; };
		65AAFD3D16BE28D200E2DA39 /* AudioStop.h */ = {isa = PBXFileReference; fileEncoding = 4; lastKnownFileType = sourcecode.c.h; name = AudioStop.h; path = Classes/AudioStop.h; sourceTree = "<group>"; };
		65AAFD3E16BE28D200E2DA39 /* AudioStop.m */ = {isa = PBXFileReference; fileEncoding = 4; lastKnownFileType = sourcecode.c.objc; name = AudioStop.m; path = Classes/AudioStop.m; sourceTree = "<group>"; };
		65AAFD4016BE28E300E2DA39 /* StopGroup.h */ = {isa = PBXFileReference; fileEncoding = 4; lastKnownFileType = sourcecode.c.h; name = StopGroup.h; path = Classes/StopGroup.h; sourceTree = "<group>"; };
		65AAFD4116BE28E300E2DA39 /* StopGroup.m */ = {isa = PBXFileReference; fileEncoding = 4; lastKnownFileType = sourcecode.c.objc; name = StopGroup.m; path = Classes/StopGroup.m; sourceTree = "<group>"; };
		65AAFD4316BF163C00E2DA39 /* VideoStop.h */ = {isa = PBXFileReference; fileEncoding = 4; lastKnownFileType = sourcecode.c.h; name = VideoStop.h; path = Classes/VideoStop.h; sourceTree = "<group>"; };
		65AAFD4416BF163C00E2DA39 /* VideoStop.m */ = {isa = PBXFileReference; fileEncoding = 4; lastKnownFileType = sourcecode.c.objc; name = VideoStop.m; path = Classes/VideoStop.m; sourceTree = "<group>"; };
		65AAFD4616BF171C00E2DA39 /* StopFactory.h */ = {isa = PBXFileReference; fileEncoding = 4; lastKnownFileType = sourcecode.c.h; name = StopFactory.h; path = Classes/StopFactory.h; sourceTree = "<group>"; };
		65AAFD4716BF171C00E2DA39 /* StopFactory.m */ = {isa = PBXFileReference; fileEncoding = 4; lastKnownFileType = sourcecode.c.objc; name = StopFactory.m; path = Classes/StopFactory.m; sourceTree = "<group>"; };
		65CBBE4F1703E68F00A78E7E /* globe@2x.png */ = {isa = PBXFileReference; lastKnownFileType = image.png; name = "globe@2x.png"; path = "Resources/globe@2x.png"; sourceTree = "<group>"; };
		65CBBE511703E69400A78E7E /* globe.png */ = {isa = PBXFileReference; lastKnownFileType = image.png; name = globe.png; path = Resources/globe.png; sourceTree = "<group>"; };
		65CBBE531703EF9500A78E7E /* audio-icon@2x.png */ = {isa = PBXFileReference; lastKnownFileType = image.png; name = "audio-icon@2x.png"; path = "Resources/audio-icon@2x.png"; sourceTree = "<group>"; };
		65CBBE541703EF9600A78E7E /* list-icon@2x.png */ = {isa = PBXFileReference; lastKnownFileType = image.png; name = "list-icon@2x.png"; path = "Resources/list-icon@2x.png"; sourceTree = "<group>"; };
		65CBBE551703EF9600A78E7E /* photo-icon@2x.png */ = {isa = PBXFileReference; lastKnownFileType = image.png; name = "photo-icon@2x.png"; path = "Resources/photo-icon@2x.png"; sourceTree = "<group>"; };
		65CBBE561703EF9600A78E7E /* video-icon@2x.png */ = {isa = PBXFileReference; lastKnownFileType = image.png; name = "video-icon@2x.png"; path = "Resources/video-icon@2x.png"; sourceTree = "<group>"; };
		65CBBE571703EF9600A78E7E /* web-icon@2x.png */ = {isa = PBXFileReference; lastKnownFileType = image.png; name = "web-icon@2x.png"; path = "Resources/web-icon@2x.png"; sourceTree = "<group>"; };
		65CBBE5D1703EFB000A78E7E /* audio-icon.png */ = {isa = PBXFileReference; lastKnownFileType = image.png; name = "audio-icon.png"; path = "Resources/audio-icon.png"; sourceTree = "<group>"; };
		65CBBE5E1703EFB000A78E7E /* list-icon.png */ = {isa = PBXFileReference; lastKnownFileType = image.png; name = "list-icon.png"; path = "Resources/list-icon.png"; sourceTree = "<group>"; };
		65CBBE5F1703EFB000A78E7E /* photo-icon.png */ = {isa = PBXFileReference; lastKnownFileType = image.png; name = "photo-icon.png"; path = "Resources/photo-icon.png"; sourceTree = "<group>"; };
		65CBBE601703EFB000A78E7E /* video-icon.png */ = {isa = PBXFileReference; lastKnownFileType = image.png; name = "video-icon.png"; path = "Resources/video-icon.png"; sourceTree = "<group>"; };
		65CBBE611703EFB000A78E7E /* web-icon.png */ = {isa = PBXFileReference; lastKnownFileType = image.png; name = "web-icon.png"; path = "Resources/web-icon.png"; sourceTree = "<group>"; };
		65CBBE671703F45700A78E7E /* btn-open@2x.png */ = {isa = PBXFileReference; lastKnownFileType = image.png; name = "btn-open@2x.png"; path = "Resources/btn-open@2x.png"; sourceTree = "<group>"; };
		65CBBE691703F45E00A78E7E /* btn-open.png */ = {isa = PBXFileReference; lastKnownFileType = image.png; name = "btn-open.png"; path = "Resources/btn-open.png"; sourceTree = "<group>"; };
		65CBBE6B1703F57100A78E7E /* btn-close@2x.png */ = {isa = PBXFileReference; lastKnownFileType = image.png; name = "btn-close@2x.png"; path = "Resources/btn-close@2x.png"; sourceTree = "<group>"; };
		65CBBE6D1703F57800A78E7E /* btn-close.png */ = {isa = PBXFileReference; lastKnownFileType = image.png; name = "btn-close.png"; path = "Resources/btn-close.png"; sourceTree = "<group>"; };
		65F424E116F972A9004D05B4 /* TourSelectionViewController.xib */ = {isa = PBXFileReference; fileEncoding = 4; lastKnownFileType = file.xib; name = TourSelectionViewController.xib; path = Classes/TourSelectionViewController.xib; sourceTree = "<group>"; };
		65F424E316FAADB9004D05B4 /* TourTabBarViewController.h */ = {isa = PBXFileReference; fileEncoding = 4; lastKnownFileType = sourcecode.c.h; name = TourTabBarViewController.h; path = Classes/TourTabBarViewController.h; sourceTree = "<group>"; };
		65F424E416FAADBA004D05B4 /* TourTabBarViewController.m */ = {isa = PBXFileReference; fileEncoding = 4; lastKnownFileType = sourcecode.c.objc; name = TourTabBarViewController.m; path = Classes/TourTabBarViewController.m; sourceTree = "<group>"; };
		65F424E816FBDCEE004D05B4 /* MapViewController.h */ = {isa = PBXFileReference; fileEncoding = 4; lastKnownFileType = sourcecode.c.h; name = MapViewController.h; path = Classes/MapViewController.h; sourceTree = "<group>"; };
		65F424E916FBDCEF004D05B4 /* MapViewController.m */ = {isa = PBXFileReference; fileEncoding = 4; lastKnownFileType = sourcecode.c.objc; name = MapViewController.m; path = Classes/MapViewController.m; sourceTree = "<group>"; };
		65F424ED16FBDD24004D05B4 /* StopNavigationViewController.h */ = {isa = PBXFileReference; fileEncoding = 4; lastKnownFileType = sourcecode.c.h; name = StopNavigationViewController.h; path = Classes/StopNavigationViewController.h; sourceTree = "<group>"; };
		65F424EE16FBDD24004D05B4 /* StopNavigationViewController.m */ = {isa = PBXFileReference; fileEncoding = 4; lastKnownFileType = sourcecode.c.objc; name = StopNavigationViewController.m; path = Classes/StopNavigationViewController.m; sourceTree = "<group>"; };
		65F424F616FBF001004D05B4 /* keypad@2x.png */ = {isa = PBXFileReference; lastKnownFileType = image.png; name = "keypad@2x.png"; path = "Resources/keypad@2x.png"; sourceTree = "<group>"; };
		65F424F716FBF001004D05B4 /* list@2x.png */ = {isa = PBXFileReference; lastKnownFileType = image.png; name = "list@2x.png"; path = "Resources/list@2x.png"; sourceTree = "<group>"; };
		65F424F816FBF001004D05B4 /* map@2x.png */ = {isa = PBXFileReference; lastKnownFileType = image.png; name = "map@2x.png"; path = "Resources/map@2x.png"; sourceTree = "<group>"; };
		65F424FC16FBF00E004D05B4 /* keypad.png */ = {isa = PBXFileReference; lastKnownFileType = image.png; name = keypad.png; path = Resources/keypad.png; sourceTree = "<group>"; };
		65F424FD16FBF00E004D05B4 /* list.png */ = {isa = PBXFileReference; lastKnownFileType = image.png; name = list.png; path = Resources/list.png; sourceTree = "<group>"; };
		65F424FE16FBF00F004D05B4 /* map.png */ = {isa = PBXFileReference; lastKnownFileType = image.png; name = map.png; path = Resources/map.png; sourceTree = "<group>"; };
		65F4250216FBFEE6004D05B4 /* MapKit.framework */ = {isa = PBXFileReference; lastKnownFileType = wrapper.framework; name = MapKit.framework; path = System/Library/Frameworks/MapKit.framework; sourceTree = SDKROOT; };
		65F4250416FC022F004D05B4 /* CoreLocation.framework */ = {isa = PBXFileReference; lastKnownFileType = wrapper.framework; name = CoreLocation.framework; path = System/Library/Frameworks/CoreLocation.framework; sourceTree = SDKROOT; };
		65F4250616FC03C0004D05B4 /* MKMapView+ZoomLevel.h */ = {isa = PBXFileReference; fileEncoding = 4; lastKnownFileType = sourcecode.c.h; name = "MKMapView+ZoomLevel.h"; path = "Classes/MKMapView+ZoomLevel.h"; sourceTree = "<group>"; };
		65F4250716FC03C0004D05B4 /* MKMapView+ZoomLevel.m */ = {isa = PBXFileReference; fileEncoding = 4; lastKnownFileType = sourcecode.c.objc; name = "MKMapView+ZoomLevel.m"; path = "Classes/MKMapView+ZoomLevel.m"; sourceTree = "<group>"; };
/* End PBXFileReference section */

/* Begin PBXFrameworksBuildPhase section */
		17BAADF815685F160012F849 /* Frameworks */ = {
			isa = PBXFrameworksBuildPhase;
			buildActionMask = 2147483647;
			files = (
				65F4250516FC022F004D05B4 /* CoreLocation.framework in Frameworks */,
				65F4250316FBFEE7004D05B4 /* MapKit.framework in Frameworks */,
				17F3E93016C0CFAF002E3957 /* SystemConfiguration.framework in Frameworks */,
				17C7F5B215C0F7B8004DF2FD /* AVFoundation.framework in Frameworks */,
				1707FC40157728C80027B323 /* AudioToolbox.framework in Frameworks */,
				1707FC41157728C80027B323 /* MediaPlayer.framework in Frameworks */,
				17BAAE0015685F160012F849 /* UIKit.framework in Frameworks */,
				17BAAE0215685F160012F849 /* Foundation.framework in Frameworks */,
				17BAAE0415685F160012F849 /* CoreGraphics.framework in Frameworks */,
				17BAAE0615685F160012F849 /* CoreData.framework in Frameworks */,
				177318971704B5CA00A53F67 /* libFlurry.a in Frameworks */,
			);
			runOnlyForDeploymentPostprocessing = 0;
		};
/* End PBXFrameworksBuildPhase section */

/* Begin PBXGroup section */
		1707FBD815771AE30027B323 /* Images */ = {
			isa = PBXGroup;
			children = (
				65AAFD3216BE1B3100E2DA39 /* Non-retina */,
				65AAFD3116BE1AE500E2DA39 /* Retina */,
			);
			name = Images;
			sourceTree = "<group>";
		};
		1707FBD915771AEB0027B323 /* Audio */ = {
			isa = PBXGroup;
			children = (
				17DE996B15ABA5C2004C8A25 /* click.aif */,
				17DE996C15ABA5C2004C8A25 /* error.aif */,
			);
			name = Audio;
			sourceTree = "<group>";
		};
		1730F41E1577B64E003333C4 /* Video */ = {
			isa = PBXGroup;
			children = (
				17DE997115AC7D02004C8A25 /* TAP Help Video.mp4 */,
			);
			name = Video;
			sourceTree = "<group>";
		};
		173F94DC156DE17E000DD580 /* Models */ = {
			isa = PBXGroup;
			children = (
				173F94D3156DE15C000DD580 /* TAPAsset.h */,
				173F94D4156DE15C000DD580 /* TAPAsset.m */,
				173F94C3156DE15B000DD580 /* TAPAssetRef.h */,
				173F94C4156DE15B000DD580 /* TAPAssetRef.m */,
				173F94D6156DE15C000DD580 /* TAPConnection.h */,
				173F94D7156DE15C000DD580 /* TAPConnection.m */,
				173F94D0156DE15C000DD580 /* TAPContent.h */,
				173F94D1156DE15C000DD580 /* TAPContent.m */,
				173F94CA156DE15C000DD580 /* TAPProperty.h */,
				173F94CB156DE15C000DD580 /* TAPProperty.m */,
				173F94C7156DE15C000DD580 /* TAPSource.h */,
				173F94C8156DE15C000DD580 /* TAPSource.m */,
				173F94D9156DE15C000DD580 /* TAPStop.h */,
				173F94DA156DE15C000DD580 /* TAPStop.m */,
				173F94CD156DE15C000DD580 /* TAPTour.h */,
				173F94CE156DE15C000DD580 /* TAPTour.m */,
			);
			name = Models;
			sourceTree = "<group>";
		};
		173F94F1156DE417000DD580 /* Classes */ = {
			isa = PBXGroup;
			children = (
				17BAAE1015685F170012F849 /* AppDelegate.h */,
				17BAAE1115685F170012F849 /* AppDelegate.m */,
				17BAAE2915685F450012F849 /* Controllers */,
				17BAAE2A15685F510012F849 /* Libraries */,
				173F94DC156DE17E000DD580 /* Models */,
				65AAFD3516BE275E00E2DA39 /* Stops */,
				65AAFD3016BE1AB000E2DA39 /* Utilities */,
				17BAAE2815685F400012F849 /* Views */,
			);
			name = Classes;
			sourceTree = "<group>";
		};
		177318941704B5CA00A53F67 /* Flurry */ = {
			isa = PBXGroup;
			children = (
				177318951704B5CA00A53F67 /* Flurry.h */,
				177318961704B5CA00A53F67 /* libFlurry.a */,
			);
			name = Flurry;
			path = Classes/Flurry;
			sourceTree = "<group>";
		};
		17BAADF015685F150012F849 = {
			isa = PBXGroup;
			children = (
				1714411115C0501500E4F40F /* Bundles */,
				17BAAE0715685F170012F849 /* Tap */,
				17BAADFE15685F160012F849 /* Frameworks */,
				17BAADFC15685F160012F849 /* Products */,
			);
			sourceTree = "<group>";
		};
		17BAADFC15685F160012F849 /* Products */ = {
			isa = PBXGroup;
			children = (
				17BAADFB15685F160012F849 /* Tap.app */,
			);
			name = Products;
			sourceTree = "<group>";
		};
		17BAADFE15685F160012F849 /* Frameworks */ = {
			isa = PBXGroup;
			children = (
				65F4250416FC022F004D05B4 /* CoreLocation.framework */,
				1707FC3E157728C80027B323 /* AudioToolbox.framework */,
				17C7F5B115C0F7B7004DF2FD /* AVFoundation.framework */,
				17BAAE0515685F160012F849 /* CoreData.framework */,
				17BAAE0315685F160012F849 /* CoreGraphics.framework */,
				17BAAE0115685F160012F849 /* Foundation.framework */,
				65F4250216FBFEE6004D05B4 /* MapKit.framework */,
				1707FC3F157728C80027B323 /* MediaPlayer.framework */,
				17F3E92F16C0CFAF002E3957 /* SystemConfiguration.framework */,
				17BAADFF15685F160012F849 /* UIKit.framework */,
			);
			name = Frameworks;
			sourceTree = "<group>";
		};
		17BAAE0715685F170012F849 /* Tap */ = {
			isa = PBXGroup;
			children = (
				173F94F1156DE417000DD580 /* Classes */,
				65AAFD3416BE1E7400E2DA39 /* Other Sources */,
				17BAAE0815685F170012F849 /* Resources */,
			);
			path = Tap;
			sourceTree = "<group>";
		};
		17BAAE0815685F170012F849 /* Resources */ = {
			isa = PBXGroup;
			children = (
				1707FBD915771AEB0027B323 /* Audio */,
				1707FBD815771AE30027B323 /* Images */,
				39A79680163DC99F0052DCDF /* Localizable.strings */,
				17BAAE0915685F170012F849 /* Tap-Info.plist */,
				17BAAE1315685F170012F849 /* Tap.xcdatamodeld */,
				1730F41B1577B46B003333C4 /* TapConfig.plist */,
				1730F41E1577B64E003333C4 /* Video */,
			);
			name = Resources;
			sourceTree = "<group>";
		};
		17BAAE2815685F400012F849 /* Views */ = {
			isa = PBXGroup;
			children = (
				1707FC2015771F8E0027B323 /* KeypadViewController.xib */,
				17BAAE2B1568B1B70012F849 /* MainWindow.xib */,
				1707FC2515771FB10027B323 /* StopGroupViewController.xib */,
				17DE996F15ABC568004C8A25 /* StopListViewController.xib */,
				6540AAA0167DBFD200C0EC65 /* LanguageSelectionViewController.xib */,
				65F424E116F972A9004D05B4 /* TourSelectionViewController.xib */,
			);
			name = Views;
			sourceTree = "<group>";
		};
		17BAAE2915685F450012F849 /* Controllers */ = {
			isa = PBXGroup;
			children = (
				173551FE15DD7D4B008B3A5E /* AudioStopViewController.h */,
				173551FF15DD7D4B008B3A5E /* AudioStopViewController.m */,
				1707FC32157720520027B323 /* ImageGalleryViewController.h */,
				1707FC33157720520027B323 /* ImageGalleryViewController.m */,
				1707FC4615772A9C0027B323 /* ImageScrollViewController.h */,
				1707FC4715772A9C0027B323 /* ImageScrollViewController.m */,
				1707FC1E15771F8E0027B323 /* KeypadViewController.h */,
				1707FC1F15771F8E0027B323 /* KeypadViewController.m */,
				6540AA9E167DBFD200C0EC65 /* LanguageSelectionViewController.h */,
				6540AA9F167DBFD200C0EC65 /* LanguageSelectionViewController.m */,
				65F424E816FBDCEE004D05B4 /* MapViewController.h */,
				65F424E916FBDCEF004D05B4 /* MapViewController.m */,
				1707FC2315771FB10027B323 /* StopGroupViewController.h */,
				1707FC2415771FB10027B323 /* StopGroupViewController.m */,
				1707FC1415771E640027B323 /* StopListViewController.h */,
				1707FC1515771E640027B323 /* StopListViewController.m */,
				65F424ED16FBDD24004D05B4 /* StopNavigationViewController.h */,
				65F424EE16FBDD24004D05B4 /* StopNavigationViewController.m */,
				65F424E316FAADB9004D05B4 /* TourTabBarViewController.h */,
				65F424E416FAADBA004D05B4 /* TourTabBarViewController.m */,
				1707FC2815771FE70027B323 /* TourSelectionViewController.h */,
				1707FC2915771FE70027B323 /* TourSelectionViewController.m */,
				1735520215DD7DE9008B3A5E /* VideoStopViewController.h */,
				1735520315DD7DE9008B3A5E /* VideoStopViewController.m */,
			);
			name = Controllers;
			sourceTree = "<group>";
		};
		17BAAE2A15685F510012F849 /* Libraries */ = {
			isa = PBXGroup;
			children = (
				177318941704B5CA00A53F67 /* Flurry */,
				17F3E92E16C03270002E3957 /* ISO8601DataFormatter */,
				17F3E92D16C03261002E3957 /* TourML Parser */,
				17F3E92C16C03251002E3957 /* GDataXML */,
			);
			name = Libraries;
			sourceTree = "<group>";
		};
		17F3E92C16C03251002E3957 /* GDataXML */ = {
			isa = PBXGroup;
			children = (
				173F94EE156DE3A3000DD580 /* GDataXMLNode.h */,
				173F94EF156DE3A3000DD580 /* GDataXMLNode.m */,
			);
			name = GDataXML;
			sourceTree = "<group>";
		};
		17F3E92D16C03261002E3957 /* TourML Parser */ = {
			isa = PBXGroup;
			children = (
				173F94F5156DE4A6000DD580 /* TourMLParser.h */,
				173F94F6156DE4A6000DD580 /* TourMLParser.m */,
			);
			name = "TourML Parser";
			sourceTree = "<group>";
		};
		17F3E92E16C03270002E3957 /* ISO8601DataFormatter */ = {
			isa = PBXGroup;
			children = (
				173A566415B99A3F0060DDE2 /* ISO8601DateFormatter.h */,
				173A566515B99A3F0060DDE2 /* ISO8601DateFormatter.m */,
			);
			name = ISO8601DataFormatter;
			sourceTree = "<group>";
		};
		65AAFD3016BE1AB000E2DA39 /* Utilities */ = {
			isa = PBXGroup;
			children = (
				171ADD8D15BCE41D000D06F3 /* NonSelectableTextView.h */,
				171ADD8E15BCE41D000D06F3 /* NonSelectableTextView.m */,
				1788D0FA16759051004B577B /* UINavigationController+Rotation.h */,
				1788D0FB16759051004B577B /* UINavigationController+Rotation.m */,
				65F4250616FC03C0004D05B4 /* MKMapView+ZoomLevel.h */,
				65F4250716FC03C0004D05B4 /* MKMapView+ZoomLevel.m */,
				177318A21704D39400A53F67 /* UIDevice+Screen.h */,
				177318A31704D39400A53F67 /* UIDevice+Screen.m */,
			);
			name = Utilities;
			sourceTree = "<group>";
		};
		65AAFD3116BE1AE500E2DA39 /* Retina */ = {
			isa = PBXGroup;
			children = (
				65CBBE531703EF9500A78E7E /* audio-icon@2x.png */,
				65CBBE6B1703F57100A78E7E /* btn-close@2x.png */,
				65CBBE671703F45700A78E7E /* btn-open@2x.png */,
				177318A01704D24D00A53F67 /* Default-568h@2x.png */,
				1773189E1704D05700A53F67 /* Default@2x.png */,
				65CBBE4F1703E68F00A78E7E /* globe@2x.png */,
				177318A91704D70D00A53F67 /* Icon@2x.png */,
				65F424F616FBF001004D05B4 /* keypad@2x.png */,
				65CBBE541703EF9600A78E7E /* list-icon@2x.png */,
				65F424F716FBF001004D05B4 /* list@2x.png */,
				65F424F816FBF001004D05B4 /* map@2x.png */,
				65CBBE551703EF9600A78E7E /* photo-icon@2x.png */,
				655B390C1702A33800BC1ED4 /* question-mark@2x.png */,
				177318A51704D59000A53F67 /* tap-splash-btm-568h@2x.png */,
				1773189A1704D04200A53F67 /* tap-splash-btm@2x.png */,
				177318A61704D59000A53F67 /* tap-splash-top-568h@2x.png */,
				1773189B1704D04200A53F67 /* tap-splash-top@2x.png */,
				65CBBE561703EF9600A78E7E /* video-icon@2x.png */,
				65CBBE571703EF9600A78E7E /* web-icon@2x.png */,
			);
			name = Retina;
			sourceTree = "<group>";
		};
		65AAFD3216BE1B3100E2DA39 /* Non-retina */ = {
			isa = PBXGroup;
			children = (
				65CBBE5D1703EFB000A78E7E /* audio-icon.png */,
				1707FBDE15771B9F0027B323 /* bg-header-wide.png */,
				1707FBDF15771B9F0027B323 /* bg-header.png */,
				1707FBE015771B9F0027B323 /* bg-main-tile.png */,
				1707FBE115771B9F0027B323 /* bg-main.png */,
				65CBBE6D1703F57800A78E7E /* btn-close.png */,
				65CBBE691703F45E00A78E7E /* btn-open.png */,
				1707FBE715771B9F0027B323 /* Default.png */,
				65CBBE511703E69400A78E7E /* globe.png */,
				1707FC4415772A270027B323 /* Icon.png */,
				1707FBEF15771B9F0027B323 /* keypad-clear-down.png */,
				1707FBF015771B9F0027B323 /* keypad-clear-up.png */,
				1707FBF115771B9F0027B323 /* keypad-go-down.png */,
				1707FBF215771B9F0027B323 /* keypad-go-up.png */,
				1707FBF315771B9F0027B323 /* keypad-number-down.png */,
				1707FBF415771B9F0027B323 /* keypad-number-up.png */,
				1707FBF515771B9F0027B323 /* keypad-textfield.png */,
				65F424FC16FBF00E004D05B4 /* keypad.png */,
				65CBBE5E1703EFB000A78E7E /* list-icon.png */,
				65F424FD16FBF00E004D05B4 /* list.png */,
				65F424FE16FBF00F004D05B4 /* map.png */,
				65CBBE5F1703EFB000A78E7E /* photo-icon.png */,
				655B390A1702A0D900BC1ED4 /* question-mark.png */,
				1707FBF615771B9F0027B323 /* submit-btn.png */,
				1707FBF715771B9F0027B323 /* tap-splash-btm.png */,
				1707FBF815771B9F0027B323 /* tap-splash-top.png */,
				65CBBE601703EFB000A78E7E /* video-icon.png */,
				65CBBE611703EFB000A78E7E /* web-icon.png */,
			);
			name = "Non-retina";
			sourceTree = "<group>";
		};
		65AAFD3416BE1E7400E2DA39 /* Other Sources */ = {
			isa = PBXGroup;
			children = (
				17BAAE0D15685F170012F849 /* main.m */,
				17BAAE0F15685F170012F849 /* Tap-Prefix.pch */,
			);
			name = "Other Sources";
			sourceTree = "<group>";
		};
		65AAFD3516BE275E00E2DA39 /* Stops */ = {
			isa = PBXGroup;
			children = (
				65AAFD3D16BE28D200E2DA39 /* AudioStop.h */,
				65AAFD3E16BE28D200E2DA39 /* AudioStop.m */,
				65AAFD3716BE27D700E2DA39 /* BaseStop.h */,
				65AAFD3816BE27D700E2DA39 /* BaseStop.m */,
				65AAFD3A16BE28C200E2DA39 /* ImageStop.h */,
				65AAFD3B16BE28C200E2DA39 /* ImageStop.m */,
				65AAFD3616BE27B100E2DA39 /* Stop.h */,
				65AAFD4016BE28E300E2DA39 /* StopGroup.h */,
				65AAFD4116BE28E300E2DA39 /* StopGroup.m */,
				65AAFD4316BF163C00E2DA39 /* VideoStop.h */,
				65AAFD4416BF163C00E2DA39 /* VideoStop.m */,
				65AAFD4616BF171C00E2DA39 /* StopFactory.h */,
				65AAFD4716BF171C00E2DA39 /* StopFactory.m */,
			);
			name = Stops;
			sourceTree = "<group>";
		};
/* End PBXGroup section */

/* Begin PBXNativeTarget section */
		17BAADFA15685F160012F849 /* Tap */ = {
			isa = PBXNativeTarget;
			buildConfigurationList = 17BAAE2415685F170012F849 /* Build configuration list for PBXNativeTarget "Tap" */;
			buildPhases = (
				17BAADF715685F160012F849 /* Sources */,
				17BAADF815685F160012F849 /* Frameworks */,
				17BAADF915685F160012F849 /* Resources */,
			);
			buildRules = (
			);
			dependencies = (
			);
			name = Tap;
			productName = Tap;
			productReference = 17BAADFB15685F160012F849 /* Tap.app */;
			productType = "com.apple.product-type.application";
		};
/* End PBXNativeTarget section */

/* Begin PBXProject section */
		17BAADF215685F150012F849 /* Project object */ = {
			isa = PBXProject;
			attributes = {
				LastUpgradeCheck = 0460;
			};
			buildConfigurationList = 17BAADF515685F150012F849 /* Build configuration list for PBXProject "Tap" */;
			compatibilityVersion = "Xcode 3.2";
			developmentRegion = English;
			hasScannedForEncodings = 0;
			knownRegions = (
				en,
				nl,
				fr,
				de,
				es,
			);
			mainGroup = 17BAADF015685F150012F849;
			productRefGroup = 17BAADFC15685F160012F849 /* Products */;
			projectDirPath = "";
			projectRoot = "";
			targets = (
				17BAADFA15685F160012F849 /* Tap */,
			);
		};
/* End PBXProject section */

/* Begin PBXResourcesBuildPhase section */
		17BAADF915685F160012F849 /* Resources */ = {
			isa = PBXResourcesBuildPhase;
			buildActionMask = 2147483647;
			files = (
				17BAAE2C1568B1B70012F849 /* MainWindow.xib in Resources */,
				1707FBF915771B9F0027B323 /* bg-header-wide.png in Resources */,
				1707FBFA15771B9F0027B323 /* bg-header.png in Resources */,
				1707FBFB15771B9F0027B323 /* bg-main-tile.png in Resources */,
				1707FBFC15771B9F0027B323 /* bg-main.png in Resources */,
				1707FC0215771B9F0027B323 /* Default.png in Resources */,
				1707FC0A15771B9F0027B323 /* keypad-clear-down.png in Resources */,
				1707FC0B15771B9F0027B323 /* keypad-clear-up.png in Resources */,
				1707FC0C15771B9F0027B323 /* keypad-go-down.png in Resources */,
				1707FC0D15771B9F0027B323 /* keypad-go-up.png in Resources */,
				1707FC0E15771B9F0027B323 /* keypad-number-down.png in Resources */,
				1707FC0F15771B9F0027B323 /* keypad-number-up.png in Resources */,
				1707FC1015771B9F0027B323 /* keypad-textfield.png in Resources */,
				1707FC1115771B9F0027B323 /* submit-btn.png in Resources */,
				1707FC1215771B9F0027B323 /* tap-splash-btm.png in Resources */,
				1707FC1315771B9F0027B323 /* tap-splash-top.png in Resources */,
				1707FC2215771F8E0027B323 /* KeypadViewController.xib in Resources */,
				1707FC2715771FB10027B323 /* StopGroupViewController.xib in Resources */,
				1707FC4515772A270027B323 /* Icon.png in Resources */,
				1730F41C1577B46B003333C4 /* TapConfig.plist in Resources */,
				17DE996D15ABA5C2004C8A25 /* click.aif in Resources */,
				17DE996E15ABA5C2004C8A25 /* error.aif in Resources */,
				17DE997015ABC568004C8A25 /* StopListViewController.xib in Resources */,
				17DE997215AC7D02004C8A25 /* TAP Help Video.mp4 in Resources */,
				1714411215C08FF300E4F40F /* Bundles in Resources */,
				39A48D4B16380AD7009B03AD /* (null) in Resources */,
				39A7967E163DC99F0052DCDF /* Localizable.strings in Resources */,
				6540AAA2167DBFD200C0EC65 /* LanguageSelectionViewController.xib in Resources */,
				65F424E216F972A9004D05B4 /* TourSelectionViewController.xib in Resources */,
				65F424F916FBF001004D05B4 /* keypad@2x.png in Resources */,
				65F424FA16FBF001004D05B4 /* list@2x.png in Resources */,
				65F424FB16FBF001004D05B4 /* map@2x.png in Resources */,
				65F424FF16FBF00F004D05B4 /* keypad.png in Resources */,
				65F4250016FBF00F004D05B4 /* list.png in Resources */,
				65F4250116FBF00F004D05B4 /* map.png in Resources */,
				655B390B1702A0D900BC1ED4 /* question-mark.png in Resources */,
				655B390D1702A33800BC1ED4 /* question-mark@2x.png in Resources */,
				65CBBE501703E68F00A78E7E /* globe@2x.png in Resources */,
				65CBBE521703E69400A78E7E /* globe.png in Resources */,
				65CBBE581703EF9600A78E7E /* audio-icon@2x.png in Resources */,
				65CBBE591703EF9600A78E7E /* list-icon@2x.png in Resources */,
				65CBBE5A1703EF9600A78E7E /* photo-icon@2x.png in Resources */,
				65CBBE5B1703EF9600A78E7E /* video-icon@2x.png in Resources */,
				65CBBE5C1703EF9600A78E7E /* web-icon@2x.png in Resources */,
				65CBBE621703EFB000A78E7E /* audio-icon.png in Resources */,
				65CBBE631703EFB000A78E7E /* list-icon.png in Resources */,
				65CBBE641703EFB000A78E7E /* photo-icon.png in Resources */,
				65CBBE651703EFB000A78E7E /* video-icon.png in Resources */,
				65CBBE661703EFB000A78E7E /* web-icon.png in Resources */,
				65CBBE681703F45700A78E7E /* btn-open@2x.png in Resources */,
				65CBBE6A1703F45E00A78E7E /* btn-open.png in Resources */,
				65CBBE6C1703F57100A78E7E /* btn-close@2x.png in Resources */,
				65CBBE6E1703F57800A78E7E /* btn-close.png in Resources */,
				1773189C1704D04200A53F67 /* tap-splash-btm@2x.png in Resources */,
				1773189D1704D04200A53F67 /* tap-splash-top@2x.png in Resources */,
				1773189F1704D05700A53F67 /* Default@2x.png in Resources */,
				177318A11704D24E00A53F67 /* Default-568h@2x.png in Resources */,
				177318A71704D59000A53F67 /* tap-splash-btm-568h@2x.png in Resources */,
				177318A81704D59000A53F67 /* tap-splash-top-568h@2x.png in Resources */,
				177318AA1704D70D00A53F67 /* Icon@2x.png in Resources */,
			);
			runOnlyForDeploymentPostprocessing = 0;
		};
/* End PBXResourcesBuildPhase section */

/* Begin PBXSourcesBuildPhase section */
		17BAADF715685F160012F849 /* Sources */ = {
			isa = PBXSourcesBuildPhase;
			buildActionMask = 2147483647;
			files = (
				17BAAE0E15685F170012F849 /* main.m in Sources */,
				17BAAE1215685F170012F849 /* AppDelegate.m in Sources */,
				17BAAE1515685F170012F849 /* Tap.xcdatamodeld in Sources */,
				173F94C5156DE15B000DD580 /* TAPAssetRef.m in Sources */,
				173F94C9156DE15C000DD580 /* TAPSource.m in Sources */,
				173F94CC156DE15C000DD580 /* TAPProperty.m in Sources */,
				173F94CF156DE15C000DD580 /* TAPTour.m in Sources */,
				173F94D2156DE15C000DD580 /* TAPContent.m in Sources */,
				173F94D5156DE15C000DD580 /* TAPAsset.m in Sources */,
				173F94D8156DE15C000DD580 /* TAPConnection.m in Sources */,
				173F94DB156DE15C000DD580 /* TAPStop.m in Sources */,
				173F94F0156DE3A3000DD580 /* GDataXMLNode.m in Sources */,
				173F94F7156DE4A6000DD580 /* TourMLParser.m in Sources */,
				1707FC1715771E640027B323 /* StopListViewController.m in Sources */,
				1707FC2115771F8E0027B323 /* KeypadViewController.m in Sources */,
				1707FC2615771FB10027B323 /* StopGroupViewController.m in Sources */,
				1707FC2B15771FE70027B323 /* TourSelectionViewController.m in Sources */,
				1707FC35157720520027B323 /* ImageGalleryViewController.m in Sources */,
				17BE366415B39DFE0015DE77 /* ImageScrollViewController.m in Sources */,
				173A566615B99A3F0060DDE2 /* ISO8601DateFormatter.m in Sources */,
				171ADD8F15BCE41D000D06F3 /* NonSelectableTextView.m in Sources */,
				1735520015DD7D4B008B3A5E /* AudioStopViewController.m in Sources */,
				1735520415DD7DE9008B3A5E /* VideoStopViewController.m in Sources */,
				1788D0FC16759051004B577B /* UINavigationController+Rotation.m in Sources */,
				6540AAA1167DBFD200C0EC65 /* LanguageSelectionViewController.m in Sources */,
				65AAFD3916BE27D700E2DA39 /* BaseStop.m in Sources */,
				65AAFD3C16BE28C200E2DA39 /* ImageStop.m in Sources */,
				65AAFD3F16BE28D200E2DA39 /* AudioStop.m in Sources */,
				65AAFD4216BE28E300E2DA39 /* StopGroup.m in Sources */,
				65AAFD4516BF163C00E2DA39 /* VideoStop.m in Sources */,
				65AAFD4816BF171C00E2DA39 /* StopFactory.m in Sources */,
				65F424E616FAADBB004D05B4 /* TourTabBarViewController.m in Sources */,
				65F424EB16FBDCF0004D05B4 /* MapViewController.m in Sources */,
				65F424EF16FBDD25004D05B4 /* StopNavigationViewController.m in Sources */,
				65F4250816FC03C0004D05B4 /* MKMapView+ZoomLevel.m in Sources */,
				177318A41704D39400A53F67 /* UIDevice+Screen.m in Sources */,
			);
			runOnlyForDeploymentPostprocessing = 0;
		};
/* End PBXSourcesBuildPhase section */

/* Begin PBXVariantGroup section */
		39A79680163DC99F0052DCDF /* Localizable.strings */ = {
			isa = PBXVariantGroup;
			children = (
				39A7967F163DC99F0052DCDF /* en */,
				39B8A564163DD0F700197596 /* nl */,
				39B8A565163DD10000197596 /* fr */,
				39B8A566163DD10800197596 /* de */,
				39AE2ECF163EFE9E003A32E5 /* es */,
			);
			name = Localizable.strings;
			path = Resources;
			sourceTree = "<group>";
		};
/* End PBXVariantGroup section */

/* Begin XCBuildConfiguration section */
		17BAAE2215685F170012F849 /* Debug */ = {
			isa = XCBuildConfiguration;
			buildSettings = {
				ALWAYS_SEARCH_USER_PATHS = NO;
				ARCHS = "$(ARCHS_STANDARD_32_BIT)";
				CLANG_WARN_CONSTANT_CONVERSION = YES;
				CLANG_WARN_ENUM_CONVERSION = YES;
				CLANG_WARN_INT_CONVERSION = YES;
				CLANG_WARN__DUPLICATE_METHOD_MATCH = YES;
				CODE_SIGN_IDENTITY = "iPhone Developer";
				"CODE_SIGN_IDENTITY[sdk=iphoneos*]" = "iPhone Developer";
				COPY_PHASE_STRIP = NO;
				GCC_C_LANGUAGE_STANDARD = gnu99;
				GCC_DYNAMIC_NO_PIC = NO;
				GCC_OPTIMIZATION_LEVEL = 0;
				GCC_PREPROCESSOR_DEFINITIONS = (
					"DEBUG=1",
					"$(inherited)",
				);
				GCC_SYMBOLS_PRIVATE_EXTERN = NO;
				GCC_VERSION = com.apple.compilers.llvm.clang.1_0;
				GCC_WARN_ABOUT_RETURN_TYPE = YES;
				GCC_WARN_UNINITIALIZED_AUTOS = YES;
				GCC_WARN_UNUSED_VARIABLE = YES;
				IPHONEOS_DEPLOYMENT_TARGET = 4.2;
				PROVISIONING_PROFILE = "";
				SDKROOT = iphoneos;
			};
			name = Debug;
		};
		17BAAE2315685F170012F849 /* Release */ = {
			isa = XCBuildConfiguration;
			buildSettings = {
				ALWAYS_SEARCH_USER_PATHS = NO;
				ARCHS = "$(ARCHS_STANDARD_32_BIT)";
				CLANG_WARN_CONSTANT_CONVERSION = YES;
				CLANG_WARN_ENUM_CONVERSION = YES;
				CLANG_WARN_INT_CONVERSION = YES;
				CLANG_WARN__DUPLICATE_METHOD_MATCH = YES;
				CODE_SIGN_IDENTITY = "iPhone Distribution";
				"CODE_SIGN_IDENTITY[sdk=iphoneos*]" = "iPhone Distribution";
				COPY_PHASE_STRIP = YES;
				GCC_C_LANGUAGE_STANDARD = gnu99;
				GCC_VERSION = com.apple.compilers.llvm.clang.1_0;
				GCC_WARN_ABOUT_RETURN_TYPE = YES;
				GCC_WARN_UNINITIALIZED_AUTOS = YES;
				GCC_WARN_UNUSED_VARIABLE = YES;
				IPHONEOS_DEPLOYMENT_TARGET = 4.2;
				OTHER_CFLAGS = "-DNS_BLOCK_ASSERTIONS=1";
				PROVISIONING_PROFILE = "";
				"PROVISIONING_PROFILE[sdk=iphoneos*]" = "";
				SDKROOT = iphoneos;
				VALIDATE_PRODUCT = YES;
			};
			name = Release;
		};
		17BAAE2515685F170012F849 /* Debug */ = {
			isa = XCBuildConfiguration;
			buildSettings = {
				ARCHS = (
					"$(ARCHS_STANDARD_32_BIT)",
					armv6,
				);
				CLANG_ENABLE_OBJC_ARC = YES;
				CODE_SIGN_IDENTITY = "iPhone Developer";
				"CODE_SIGN_IDENTITY[sdk=iphoneos*]" = "iPhone Developer";
				GCC_PRECOMPILE_PREFIX_HEADER = YES;
				GCC_PREFIX_HEADER = "Tap/Tap-Prefix.pch";
				GCC_THUMB_SUPPORT = NO;
				HEADER_SEARCH_PATHS = /usr/include/libxml2;
				INFOPLIST_FILE = "Tap/Tap-Info.plist";
				IPHONEOS_DEPLOYMENT_TARGET = 4.3;
				LIBRARY_SEARCH_PATHS = (
					"$(inherited)",
					"\"$(SRCROOT)/Tap\"",
					"\"$(SRCROOT)/Tap/Classes\"",
					"\"$(SRCROOT)/Tap/Classes/Flurry\"",
				);
				OTHER_LDFLAGS = "-lxml2";
				PRODUCT_NAME = "$(TARGET_NAME)";
				PROVISIONING_PROFILE = "";
				"PROVISIONING_PROFILE[sdk=iphoneos*]" = "";
				SDKROOT = iphoneos;
				TARGETED_DEVICE_FAMILY = 1;
				USER_HEADER_SEARCH_PATHS = "";
				WRAPPER_EXTENSION = app;
			};
			name = Debug;
		};
		17BAAE2615685F170012F849 /* Release */ = {
			isa = XCBuildConfiguration;
			buildSettings = {
				ARCHS = (
					"$(ARCHS_STANDARD_32_BIT)",
					armv6,
				);
				CLANG_ENABLE_OBJC_ARC = YES;
				GCC_PRECOMPILE_PREFIX_HEADER = YES;
				GCC_PREFIX_HEADER = "Tap/Tap-Prefix.pch";
				GCC_THUMB_SUPPORT = NO;
				HEADER_SEARCH_PATHS = /usr/include/libxml2;
				INFOPLIST_FILE = "Tap/Tap-Info.plist";
				IPHONEOS_DEPLOYMENT_TARGET = 4.3;
				LIBRARY_SEARCH_PATHS = (
					"$(inherited)",
					"\"$(SRCROOT)/Tap\"",
					"\"$(SRCROOT)/Tap/Classes\"",
					"\"$(SRCROOT)/Tap/Classes/Flurry\"",
				);
				OTHER_LDFLAGS = "-lxml2";
				PRODUCT_NAME = "$(TARGET_NAME)";
				SDKROOT = iphoneos;
				TARGETED_DEVICE_FAMILY = 1;
				USER_HEADER_SEARCH_PATHS = "";
				WRAPPER_EXTENSION = app;
			};
			name = Release;
		};
/* End XCBuildConfiguration section */

/* Begin XCConfigurationList section */
		17BAADF515685F150012F849 /* Build configuration list for PBXProject "Tap" */ = {
			isa = XCConfigurationList;
			buildConfigurations = (
				17BAAE2215685F170012F849 /* Debug */,
				17BAAE2315685F170012F849 /* Release */,
			);
			defaultConfigurationIsVisible = 0;
			defaultConfigurationName = Release;
		};
		17BAAE2415685F170012F849 /* Build configuration list for PBXNativeTarget "Tap" */ = {
			isa = XCConfigurationList;
			buildConfigurations = (
				17BAAE2515685F170012F849 /* Debug */,
				17BAAE2615685F170012F849 /* Release */,
			);
			defaultConfigurationIsVisible = 0;
			defaultConfigurationName = Release;
		};
/* End XCConfigurationList section */

/* Begin XCVersionGroup section */
		17BAAE1315685F170012F849 /* Tap.xcdatamodeld */ = {
			isa = XCVersionGroup;
			children = (
				17BAAE1415685F170012F849 /* Tap.xcdatamodel */,
			);
			currentVersion = 17BAAE1415685F170012F849 /* Tap.xcdatamodel */;
			path = Tap.xcdatamodeld;
			sourceTree = "<group>";
			versionGroupType = wrapper.xcdatamodel;
		};
/* End XCVersionGroup section */
	};
	rootObject = 17BAADF215685F150012F849 /* Project object */;
}
